
Microsoft Visual Studio Solution File, Format Version 12.00
# Visual Studio Version 17
VisualStudioVersion = 17.14.36804.6
MinimumVisualStudioVersion = 10.0.40219.1
Project("{FAE04EC0-301F-11D3-BF4B-00C04F79EFBC}") = "01. Count Chars in a String", "01. Count Chars in a String\01. Count Chars in a String.csproj", "{E58CC7D7-BE04-4766-94DF-FA62021C9390}"
EndProject
Project("{FAE04EC0-301F-11D3-BF4B-00C04F79EFBC}") = "02. A Miner Task", "02. A Miner Task\02. A Miner Task.csproj", "{AA19912B-2705-4C3E-917E-48EB79C623BB}"
EndProject
Project("{FAE04EC0-301F-11D3-BF4B-00C04F79EFBC}") = "03. Orders", "03. Orders\03. Orders.csproj", "{BB2556E2-2B85-4BC1-87B0-45CE9AFCAC9C}"
EndProject
Project("{FAE04EC0-301F-11D3-BF4B-00C04F79EFBC}") = "04. SoftUni Parking", "04. SoftUni Parking\04. SoftUni Parking.csproj", "{7E068D4D-3F1B-48E6-8298-2AE964CC8D31}"
EndProject
Project("{FAE04EC0-301F-11D3-BF4B-00C04F79EFBC}") = "05. Courses", "05. Courses\05. Courses.csproj", "{3BCA9F78-F126-4195-A6CA-10FBA5B05FF2}"
EndProject
Project("{FAE04EC0-301F-11D3-BF4B-00C04F79EFBC}") = "06. Student Academy", "06. Student Academy\06. Student Academy.csproj", "{A5B44E5F-EDD7-43DE-9C69-DE3AD3DCF295}"
EndProject
Global
	GlobalSection(SolutionConfigurationPlatforms) = preSolution
		Debug|Any CPU = Debug|Any CPU
		Release|Any CPU = Release|Any CPU
	EndGlobalSection
	GlobalSection(ProjectConfigurationPlatforms) = postSolution
		{E58CC7D7-BE04-4766-94DF-FA62021C9390}.Debug|Any CPU.ActiveCfg = Debug|Any CPU
		{E58CC7D7-BE04-4766-94DF-FA62021C9390}.Debug|Any CPU.Build.0 = Debug|Any CPU
		{E58CC7D7-BE04-4766-94DF-FA62021C9390}.Release|Any CPU.ActiveCfg = Release|Any CPU
		{E58CC7D7-BE04-4766-94DF-FA62021C9390}.Release|Any CPU.Build.0 = Release|Any CPU
		{AA19912B-2705-4C3E-917E-48EB79C623BB}.Debug|Any CPU.ActiveCfg = Debug|Any CPU
		{AA19912B-2705-4C3E-917E-48EB79C623BB}.Debug|Any CPU.Build.0 = Debug|Any CPU
		{AA19912B-2705-4C3E-917E-48EB79C623BB}.Release|Any CPU.ActiveCfg = Release|Any CPU
		{AA19912B-2705-4C3E-917E-48EB79C623BB}.Release|Any CPU.Build.0 = Release|Any CPU
		{BB2556E2-2B85-4BC1-87B0-45CE9AFCAC9C}.Debug|Any CPU.ActiveCfg = Debug|Any CPU
		{BB2556E2-2B85-4BC1-87B0-45CE9AFCAC9C}.Debug|Any CPU.Build.0 = Debug|Any CPU
		{BB2556E2-2B85-4BC1-87B0-45CE9AFCAC9C}.Release|Any CPU.ActiveCfg = Release|Any CPU
		{BB2556E2-2B85-4BC1-87B0-45CE9AFCAC9C}.Release|Any CPU.Build.0 = Release|Any CPU
		{7E068D4D-3F1B-48E6-8298-2AE964CC8D31}.Debug|Any CPU.ActiveCfg = Debug|Any CPU
		{7E068D4D-3F1B-48E6-8298-2AE964CC8D31}.Debug|Any CPU.Build.0 = Debug|Any CPU
		{7E068D4D-3F1B-48E6-8298-2AE964CC8D31}.Release|Any CPU.ActiveCfg = Release|Any CPU
		{7E068D4D-3F1B-48E6-8298-2AE964CC8D31}.Release|Any CPU.Build.0 = Release|Any CPU
		{3BCA9F78-F126-4195-A6CA-10FBA5B05FF2}.Debug|Any CPU.ActiveCfg = Debug|Any CPU
		{3BCA9F78-F126-4195-A6CA-10FBA5B05FF2}.Debug|Any CPU.Build.0 = Debug|Any CPU
		{3BCA9F78-F126-4195-A6CA-10FBA5B05FF2}.Release|Any CPU.ActiveCfg = Release|Any CPU
		{3BCA9F78-F126-4195-A6CA-10FBA5B05FF2}.Release|Any CPU.Build.0 = Release|Any CPU
		{A5B44E5F-EDD7-43DE-9C69-DE3AD3DCF295}.Debug|Any CPU.ActiveCfg = Debug|Any CPU
		{A5B44E5F-EDD7-43DE-9C69-DE3AD3DCF295}.Debug|Any CPU.Build.0 = Debug|Any CPU
		{A5B44E5F-EDD7-43DE-9C69-DE3AD3DCF295}.Release|Any CPU.ActiveCfg = Release|Any CPU
		{A5B44E5F-EDD7-43DE-9C69-DE3AD3DCF295}.Release|Any CPU.Build.0 = Release|Any CPU
	EndGlobalSection
	GlobalSection(SolutionProperties) = preSolution
		HideSolutionNode = FALSE
	EndGlobalSection
	GlobalSection(ExtensibilityGlobals) = postSolution
		SolutionGuid = {BB0DCCE0-9325-4B38-B6D3-1AD62607CFF3}
	EndGlobalSection
EndGlobal
